// !$*UTF8*$!
{
	archiveVersion = 1;
	classes = {
	};
	objectVersion = 50;
	objects = {

/* Begin PBXBuildFile section */
		58383EC223805A6800149A04 /* TestsNetvorkingManager.swift in Sources */ = {isa = PBXBuildFile; fileRef = 58383EC123805A6800149A04 /* TestsNetvorkingManager.swift */; };
		5867835A239435CB0096398B /* PinterestLayout.swift in Sources */ = {isa = PBXBuildFile; fileRef = 58678359239435CB0096398B /* PinterestLayout.swift */; };
		58860A292386E7880072DD83 /* GirlsCollectionViewController.swift in Sources */ = {isa = PBXBuildFile; fileRef = 58860A282386E7880072DD83 /* GirlsCollectionViewController.swift */; };
		58860A2B2386EAB30072DD83 /* GirlCollectionViewCell.swift in Sources */ = {isa = PBXBuildFile; fileRef = 58860A2A2386EAB30072DD83 /* GirlCollectionViewCell.swift */; };
		589FC119237EE13700BE27D0 /* AppDelegate.swift in Sources */ = {isa = PBXBuildFile; fileRef = 589FC118237EE13700BE27D0 /* AppDelegate.swift */; };
		589FC11B237EE13700BE27D0 /* SceneDelegate.swift in Sources */ = {isa = PBXBuildFile; fileRef = 589FC11A237EE13700BE27D0 /* SceneDelegate.swift */; };
		589FC11D237EE13700BE27D0 /* BoysCollectionViewController.swift in Sources */ = {isa = PBXBuildFile; fileRef = 589FC11C237EE13700BE27D0 /* BoysCollectionViewController.swift */; };
		589FC123237EE13700BE27D0 /* BoysAndGirls.xcdatamodeld in Sources */ = {isa = PBXBuildFile; fileRef = 589FC121237EE13700BE27D0 /* BoysAndGirls.xcdatamodeld */; };
		589FC125237EE13B00BE27D0 /* Assets.xcassets in Resources */ = {isa = PBXBuildFile; fileRef = 589FC124237EE13B00BE27D0 /* Assets.xcassets */; };
		589FC13C237EE33700BE27D0 /* NetworkManager.swift in Sources */ = {isa = PBXBuildFile; fileRef = 589FC13B237EE33700BE27D0 /* NetworkManager.swift */; };
		589FC13E237EE36500BE27D0 /* DataModel.swift in Sources */ = {isa = PBXBuildFile; fileRef = 589FC13D237EE36500BE27D0 /* DataModel.swift */; };
		58CA278C2381ED5C00C39EC8 /* BoyCollectionViewCell.swift in Sources */ = {isa = PBXBuildFile; fileRef = 58CA278B2381ED5C00C39EC8 /* BoyCollectionViewCell.swift */; };
		58CA27972381F3FC00C39EC8 /* LaunchScreen.storyboard in Resources */ = {isa = PBXBuildFile; fileRef = 58CA27932381F3FC00C39EC8 /* LaunchScreen.storyboard */; };
		58CA27982381F3FC00C39EC8 /* Main.storyboard in Resources */ = {isa = PBXBuildFile; fileRef = 58CA27952381F3FC00C39EC8 /* Main.storyboard */; };
		58CA279A2381F58C00C39EC8 /* PhotoViewModel.swift in Sources */ = {isa = PBXBuildFile; fileRef = 58CA27992381F58C00C39EC8 /* PhotoViewModel.swift */; };
/* End PBXBuildFile section */

/* Begin PBXContainerItemProxy section */
		58383EC423805A6800149A04 /* PBXContainerItemProxy */ = {
			isa = PBXContainerItemProxy;
			containerPortal = 589FC10D237EE13700BE27D0 /* Project object */;
			proxyType = 1;
			remoteGlobalIDString = 589FC114237EE13700BE27D0;
			remoteInfo = BoysAndGirls;
		};
/* End PBXContainerItemProxy section */

/* Begin PBXFileReference section */
		58383EBF23805A6800149A04 /* TestsNetvorkingManager.xctest */ = {isa = PBXFileReference; explicitFileType = wrapper.cfbundle; includeInIndex = 0; path = TestsNetvorkingManager.xctest; sourceTree = BUILT_PRODUCTS_DIR; };
		58383EC123805A6800149A04 /* TestsNetvorkingManager.swift */ = {isa = PBXFileReference; lastKnownFileType = sourcecode.swift; path = TestsNetvorkingManager.swift; sourceTree = "<group>"; };
		58383EC323805A6800149A04 /* Info.plist */ = {isa = PBXFileReference; lastKnownFileType = text.plist.xml; path = Info.plist; sourceTree = "<group>"; };
		58678359239435CB0096398B /* PinterestLayout.swift */ = {isa = PBXFileReference; lastKnownFileType = sourcecode.swift; path = PinterestLayout.swift; sourceTree = "<group>"; };
		58860A282386E7880072DD83 /* GirlsCollectionViewController.swift */ = {isa = PBXFileReference; lastKnownFileType = sourcecode.swift; path = GirlsCollectionViewController.swift; sourceTree = "<group>"; };
		58860A2A2386EAB30072DD83 /* GirlCollectionViewCell.swift */ = {isa = PBXFileReference; lastKnownFileType = sourcecode.swift; path = GirlCollectionViewCell.swift; sourceTree = "<group>"; };
		589FC115237EE13700BE27D0 /* BoysAndGirls.app */ = {isa = PBXFileReference; explicitFileType = wrapper.application; includeInIndex = 0; path = BoysAndGirls.app; sourceTree = BUILT_PRODUCTS_DIR; };
		589FC118237EE13700BE27D0 /* AppDelegate.swift */ = {isa = PBXFileReference; lastKnownFileType = sourcecode.swift; path = AppDelegate.swift; sourceTree = "<group>"; };
		589FC11A237EE13700BE27D0 /* SceneDelegate.swift */ = {isa = PBXFileReference; lastKnownFileType = sourcecode.swift; path = SceneDelegate.swift; sourceTree = "<group>"; };
		589FC11C237EE13700BE27D0 /* BoysCollectionViewController.swift */ = {isa = PBXFileReference; lastKnownFileType = sourcecode.swift; path = BoysCollectionViewController.swift; sourceTree = "<group>"; };
		589FC122237EE13700BE27D0 /* BoysAndGirls.xcdatamodel */ = {isa = PBXFileReference; lastKnownFileType = wrapper.xcdatamodel; path = BoysAndGirls.xcdatamodel; sourceTree = "<group>"; };
		589FC124237EE13B00BE27D0 /* Assets.xcassets */ = {isa = PBXFileReference; lastKnownFileType = folder.assetcatalog; path = Assets.xcassets; sourceTree = "<group>"; };
		589FC129237EE13B00BE27D0 /* Info.plist */ = {isa = PBXFileReference; lastKnownFileType = text.plist.xml; path = Info.plist; sourceTree = "<group>"; };
		589FC13B237EE33700BE27D0 /* NetworkManager.swift */ = {isa = PBXFileReference; lastKnownFileType = sourcecode.swift; path = NetworkManager.swift; sourceTree = "<group>"; };
		589FC13D237EE36500BE27D0 /* DataModel.swift */ = {isa = PBXFileReference; lastKnownFileType = sourcecode.swift; path = DataModel.swift; sourceTree = "<group>"; };
		58CA278B2381ED5C00C39EC8 /* BoyCollectionViewCell.swift */ = {isa = PBXFileReference; lastKnownFileType = sourcecode.swift; path = BoyCollectionViewCell.swift; sourceTree = "<group>"; };
		58CA27942381F3FC00C39EC8 /* Base */ = {isa = PBXFileReference; lastKnownFileType = file.storyboard; name = Base; path = Base.lproj/LaunchScreen.storyboard; sourceTree = "<group>"; };
		58CA27962381F3FC00C39EC8 /* Base */ = {isa = PBXFileReference; lastKnownFileType = file.storyboard; name = Base; path = Base.lproj/Main.storyboard; sourceTree = "<group>"; };
		58CA27992381F58C00C39EC8 /* PhotoViewModel.swift */ = {isa = PBXFileReference; lastKnownFileType = sourcecode.swift; path = PhotoViewModel.swift; sourceTree = "<group>"; };
/* End PBXFileReference section */

/* Begin PBXFrameworksBuildPhase section */
		58383EBC23805A6800149A04 /* Frameworks */ = {
			isa = PBXFrameworksBuildPhase;
			buildActionMask = 2147483647;
			files = (
			);
			runOnlyForDeploymentPostprocessing = 0;
		};
		589FC112237EE13700BE27D0 /* Frameworks */ = {
			isa = PBXFrameworksBuildPhase;
			buildActionMask = 2147483647;
			files = (
			);
			runOnlyForDeploymentPostprocessing = 0;
		};
/* End PBXFrameworksBuildPhase section */

/* Begin PBXGroup section */
		58383EC023805A6800149A04 /* TestsNetvorkingManager */ = {
			isa = PBXGroup;
			children = (
				58383EC123805A6800149A04 /* TestsNetvorkingManager.swift */,
				58383EC323805A6800149A04 /* Info.plist */,
			);
			path = TestsNetvorkingManager;
			sourceTree = "<group>";
		};
		58678358239435860096398B /* Layouts */ = {
			isa = PBXGroup;
			children = (
				58678359239435CB0096398B /* PinterestLayout.swift */,
			);
			path = Layouts;
			sourceTree = "<group>";
		};
		589FC10C237EE13700BE27D0 = {
			isa = PBXGroup;
			children = (
				589FC117237EE13700BE27D0 /* BoysAndGirls */,
				58383EC023805A6800149A04 /* TestsNetvorkingManager */,
				589FC116237EE13700BE27D0 /* Products */,
			);
			sourceTree = "<group>";
		};
		589FC116237EE13700BE27D0 /* Products */ = {
			isa = PBXGroup;
			children = (
				589FC115237EE13700BE27D0 /* BoysAndGirls.app */,
				58383EBF23805A6800149A04 /* TestsNetvorkingManager.xctest */,
			);
			name = Products;
			sourceTree = "<group>";
		};
		589FC117237EE13700BE27D0 /* BoysAndGirls */ = {
			isa = PBXGroup;
			children = (
				58678358239435860096398B /* Layouts */,
				589FC133237EE25800BE27D0 /* ViewControllers */,
				589FC134237EE26200BE27D0 /* Storyboards */,
				589FC132237EE25200BE27D0 /* ViewModel */,
				589FC131237EE24D00BE27D0 /* DataModel */,
				589FC130237EE24700BE27D0 /* Networking */,
				589FC12F237EE23400BE27D0 /* Support files */,
				589FC121237EE13700BE27D0 /* BoysAndGirls.xcdatamodeld */,
			);
			path = BoysAndGirls;
			sourceTree = "<group>";
		};
		589FC12F237EE23400BE27D0 /* Support files */ = {
			isa = PBXGroup;
			children = (
				589FC118237EE13700BE27D0 /* AppDelegate.swift */,
				589FC11A237EE13700BE27D0 /* SceneDelegate.swift */,
				589FC124237EE13B00BE27D0 /* Assets.xcassets */,
				589FC129237EE13B00BE27D0 /* Info.plist */,
			);
			path = "Support files";
			sourceTree = "<group>";
		};
		589FC130237EE24700BE27D0 /* Networking */ = {
			isa = PBXGroup;
			children = (
				589FC13B237EE33700BE27D0 /* NetworkManager.swift */,
			);
			path = Networking;
			sourceTree = "<group>";
		};
		589FC131237EE24D00BE27D0 /* DataModel */ = {
			isa = PBXGroup;
			children = (
				589FC13D237EE36500BE27D0 /* DataModel.swift */,
			);
			path = DataModel;
			sourceTree = "<group>";
		};
		589FC132237EE25200BE27D0 /* ViewModel */ = {
			isa = PBXGroup;
			children = (
				58CA27992381F58C00C39EC8 /* PhotoViewModel.swift */,
			);
			path = ViewModel;
			sourceTree = "<group>";
		};
		589FC133237EE25800BE27D0 /* ViewControllers */ = {
			isa = PBXGroup;
			children = (
				589FC11C237EE13700BE27D0 /* BoysCollectionViewController.swift */,
				58CA278B2381ED5C00C39EC8 /* BoyCollectionViewCell.swift */,
				58860A282386E7880072DD83 /* GirlsCollectionViewController.swift */,
				58860A2A2386EAB30072DD83 /* GirlCollectionViewCell.swift */,
			);
			path = ViewControllers;
			sourceTree = "<group>";
		};
		589FC134237EE26200BE27D0 /* Storyboards */ = {
			isa = PBXGroup;
			children = (
				58CA27932381F3FC00C39EC8 /* LaunchScreen.storyboard */,
				58CA27952381F3FC00C39EC8 /* Main.storyboard */,
			);
			path = Storyboards;
			sourceTree = "<group>";
		};
/* End PBXGroup section */

/* Begin PBXNativeTarget section */
		58383EBE23805A6800149A04 /* TestsNetvorkingManager */ = {
			isa = PBXNativeTarget;
			buildConfigurationList = 58383EC623805A6800149A04 /* Build configuration list for PBXNativeTarget "TestsNetvorkingManager" */;
			buildPhases = (
				58383EBB23805A6800149A04 /* Sources */,
				58383EBC23805A6800149A04 /* Frameworks */,
				58383EBD23805A6800149A04 /* Resources */,
			);
			buildRules = (
			);
			dependencies = (
				58383EC523805A6800149A04 /* PBXTargetDependency */,
			);
			name = TestsNetvorkingManager;
			productName = TestsNetvorkingManager;
			productReference = 58383EBF23805A6800149A04 /* TestsNetvorkingManager.xctest */;
			productType = "com.apple.product-type.bundle.unit-test";
		};
		589FC114237EE13700BE27D0 /* BoysAndGirls */ = {
			isa = PBXNativeTarget;
			buildConfigurationList = 589FC12C237EE13B00BE27D0 /* Build configuration list for PBXNativeTarget "BoysAndGirls" */;
			buildPhases = (
				589FC111237EE13700BE27D0 /* Sources */,
				589FC112237EE13700BE27D0 /* Frameworks */,
				589FC113237EE13700BE27D0 /* Resources */,
			);
			buildRules = (
			);
			dependencies = (
			);
			name = BoysAndGirls;
			productName = BoysAndGirls;
			productReference = 589FC115237EE13700BE27D0 /* BoysAndGirls.app */;
			productType = "com.apple.product-type.application";
		};
/* End PBXNativeTarget section */

/* Begin PBXProject section */
		589FC10D237EE13700BE27D0 /* Project object */ = {
			isa = PBXProject;
			attributes = {
				LastSwiftUpdateCheck = 1120;
				LastUpgradeCheck = 1120;
				ORGANIZATIONNAME = Vitaliy;
				TargetAttributes = {
					58383EBE23805A6800149A04 = {
						CreatedOnToolsVersion = 11.2;
						TestTargetID = 589FC114237EE13700BE27D0;
					};
					589FC114237EE13700BE27D0 = {
						CreatedOnToolsVersion = 11.2;
					};
				};
			};
			buildConfigurationList = 589FC110237EE13700BE27D0 /* Build configuration list for PBXProject "BoysAndGirls" */;
			compatibilityVersion = "Xcode 9.3";
			developmentRegion = en;
			hasScannedForEncodings = 0;
			knownRegions = (
				en,
				Base,
			);
			mainGroup = 589FC10C237EE13700BE27D0;
			productRefGroup = 589FC116237EE13700BE27D0 /* Products */;
			projectDirPath = "";
			projectRoot = "";
			targets = (
				589FC114237EE13700BE27D0 /* BoysAndGirls */,
				58383EBE23805A6800149A04 /* TestsNetvorkingManager */,
			);
		};
/* End PBXProject section */

/* Begin PBXResourcesBuildPhase section */
		58383EBD23805A6800149A04 /* Resources */ = {
			isa = PBXResourcesBuildPhase;
			buildActionMask = 2147483647;
			files = (
			);
			runOnlyForDeploymentPostprocessing = 0;
		};
		589FC113237EE13700BE27D0 /* Resources */ = {
			isa = PBXResourcesBuildPhase;
			buildActionMask = 2147483647;
			files = (
				58CA27982381F3FC00C39EC8 /* Main.storyboard in Resources */,
				589FC125237EE13B00BE27D0 /* Assets.xcassets in Resources */,
				58CA27972381F3FC00C39EC8 /* LaunchScreen.storyboard in Resources */,
			);
			runOnlyForDeploymentPostprocessing = 0;
		};
/* End PBXResourcesBuildPhase section */

/* Begin PBXSourcesBuildPhase section */
		58383EBB23805A6800149A04 /* Sources */ = {
			isa = PBXSourcesBuildPhase;
			buildActionMask = 2147483647;
			files = (
				58383EC223805A6800149A04 /* TestsNetvorkingManager.swift in Sources */,
			);
			runOnlyForDeploymentPostprocessing = 0;
		};
		589FC111237EE13700BE27D0 /* Sources */ = {
			isa = PBXSourcesBuildPhase;
			buildActionMask = 2147483647;
			files = (
				589FC11D237EE13700BE27D0 /* BoysCollectionViewController.swift in Sources */,
				589FC119237EE13700BE27D0 /* AppDelegate.swift in Sources */,
				58860A292386E7880072DD83 /* GirlsCollectionViewController.swift in Sources */,
				58CA278C2381ED5C00C39EC8 /* BoyCollectionViewCell.swift in Sources */,
				58860A2B2386EAB30072DD83 /* GirlCollectionViewCell.swift in Sources */,
				589FC13C237EE33700BE27D0 /* NetworkManager.swift in Sources */,
				589FC123237EE13700BE27D0 /* BoysAndGirls.xcdatamodeld in Sources */,
				58CA279A2381F58C00C39EC8 /* PhotoViewModel.swift in Sources */,
				5867835A239435CB0096398B /* PinterestLayout.swift in Sources */,
				589FC11B237EE13700BE27D0 /* SceneDelegate.swift in Sources */,
				589FC13E237EE36500BE27D0 /* DataModel.swift in Sources */,
			);
			runOnlyForDeploymentPostprocessing = 0;
		};
/* End PBXSourcesBuildPhase section */

/* Begin PBXTargetDependency section */
		58383EC523805A6800149A04 /* PBXTargetDependency */ = {
			isa = PBXTargetDependency;
			target = 589FC114237EE13700BE27D0 /* BoysAndGirls */;
			targetProxy = 58383EC423805A6800149A04 /* PBXContainerItemProxy */;
		};
/* End PBXTargetDependency section */

/* Begin PBXVariantGroup section */
		58CA27932381F3FC00C39EC8 /* LaunchScreen.storyboard */ = {
			isa = PBXVariantGroup;
			children = (
				58CA27942381F3FC00C39EC8 /* Base */,
			);
			name = LaunchScreen.storyboard;
			sourceTree = "<group>";
		};
		58CA27952381F3FC00C39EC8 /* Main.storyboard */ = {
			isa = PBXVariantGroup;
			children = (
				58CA27962381F3FC00C39EC8 /* Base */,
			);
			name = Main.storyboard;
			sourceTree = "<group>";
		};
/* End PBXVariantGroup section */

/* Begin XCBuildConfiguration section */
		58383EC723805A6800149A04 /* Debug */ = {
			isa = XCBuildConfiguration;
			buildSettings = {
				BUNDLE_LOADER = "$(TEST_HOST)";
				CODE_SIGN_STYLE = Automatic;
				DEVELOPMENT_TEAM = 45JNFF5WM9;
				INFOPLIST_FILE = TestsNetvorkingManager/Info.plist;
				LD_RUNPATH_SEARCH_PATHS = (
					"$(inherited)",
					"@executable_path/Frameworks",
					"@loader_path/Frameworks",
				);
				PRODUCT_BUNDLE_IDENTIFIER = vit.TestsNetvorkingManager;
				PRODUCT_NAME = "$(TARGET_NAME)";
				SWIFT_VERSION = 5.0;
				TARGETED_DEVICE_FAMILY = "1,2";
				TEST_HOST = "$(BUILT_PRODUCTS_DIR)/BoysAndGirls.app/BoysAndGirls";
			};
			name = Debug;
		};
		58383EC823805A6800149A04 /* Release */ = {
			isa = XCBuildConfiguration;
			buildSettings = {
				BUNDLE_LOADER = "$(TEST_HOST)";
				CODE_SIGN_STYLE = Automatic;
				DEVELOPMENT_TEAM = 45JNFF5WM9;
				INFOPLIST_FILE = TestsNetvorkingManager/Info.plist;
				LD_RUNPATH_SEARCH_PATHS = (
					"$(inherited)",
					"@executable_path/Frameworks",
					"@loader_path/Frameworks",
				);
				PRODUCT_BUNDLE_IDENTIFIER = vit.TestsNetvorkingManager;
				PRODUCT_NAME = "$(TARGET_NAME)";
				SWIFT_VERSION = 5.0;
				TARGETED_DEVICE_FAMILY = "1,2";
				TEST_HOST = "$(BUILT_PRODUCTS_DIR)/BoysAndGirls.app/BoysAndGirls";
			};
			name = Release;
		};
		589FC12A237EE13B00BE27D0 /* Debug */ = {
			isa = XCBuildConfiguration;
			buildSettings = {
				ALWAYS_SEARCH_USER_PATHS = NO;
				CLANG_ANALYZER_NONNULL = YES;
				CLANG_ANALYZER_NUMBER_OBJECT_CONVERSION = YES_AGGRESSIVE;
				CLANG_CXX_LANGUAGE_STANDARD = "gnu++14";
				CLANG_CXX_LIBRARY = "libc++";
				CLANG_ENABLE_MODULES = YES;
				CLANG_ENABLE_OBJC_ARC = YES;
				CLANG_ENABLE_OBJC_WEAK = YES;
				CLANG_WARN_BLOCK_CAPTURE_AUTORELEASING = YES;
				CLANG_WARN_BOOL_CONVERSION = YES;
				CLANG_WARN_COMMA = YES;
				CLANG_WARN_CONSTANT_CONVERSION = YES;
				CLANG_WARN_DEPRECATED_OBJC_IMPLEMENTATIONS = YES;
				CLANG_WARN_DIRECT_OBJC_ISA_USAGE = YES_ERROR;
				CLANG_WARN_DOCUMENTATION_COMMENTS = YES;
				CLANG_WARN_EMPTY_BODY = YES;
				CLANG_WARN_ENUM_CONVERSION = YES;
				CLANG_WARN_INFINITE_RECURSION = YES;
				CLANG_WARN_INT_CONVERSION = YES;
				CLANG_WARN_NON_LITERAL_NULL_CONVERSION = YES;
				CLANG_WARN_OBJC_IMPLICIT_RETAIN_SELF = YES;
				CLANG_WARN_OBJC_LITERAL_CONVERSION = YES;
				CLANG_WARN_OBJC_ROOT_CLASS = YES_ERROR;
				CLANG_WARN_RANGE_LOOP_ANALYSIS = YES;
				CLANG_WARN_STRICT_PROTOTYPES = YES;
				CLANG_WARN_SUSPICIOUS_MOVE = YES;
				CLANG_WARN_UNGUARDED_AVAILABILITY = YES_AGGRESSIVE;
				CLANG_WARN_UNREACHABLE_CODE = YES;
				CLANG_WARN__DUPLICATE_METHOD_MATCH = YES;
				COPY_PHASE_STRIP = NO;
				DEBUG_INFORMATION_FORMAT = dwarf;
				ENABLE_STRICT_OBJC_MSGSEND = YES;
				ENABLE_TESTABILITY = YES;
				GCC_C_LANGUAGE_STANDARD = gnu11;
				GCC_DYNAMIC_NO_PIC = NO;
				GCC_NO_COMMON_BLOCKS = YES;
				GCC_OPTIMIZATION_LEVEL = 0;
				GCC_PREPROCESSOR_DEFINITIONS = (
					"DEBUG=1",
					"$(inherited)",
				);
				GCC_WARN_64_TO_32_BIT_CONVERSION = YES;
				GCC_WARN_ABOUT_RETURN_TYPE = YES_ERROR;
				GCC_WARN_UNDECLARED_SELECTOR = YES;
				GCC_WARN_UNINITIALIZED_AUTOS = YES_AGGRESSIVE;
				GCC_WARN_UNUSED_FUNCTION = YES;
				GCC_WARN_UNUSED_VARIABLE = YES;
				IPHONEOS_DEPLOYMENT_TARGET = 13.2;
				MTL_ENABLE_DEBUG_INFO = INCLUDE_SOURCE;
				MTL_FAST_MATH = YES;
				ONLY_ACTIVE_ARCH = YES;
				SDKROOT = iphoneos;
				SWIFT_ACTIVE_COMPILATION_CONDITIONS = DEBUG;
				SWIFT_OPTIMIZATION_LEVEL = "-Onone";
			};
			name = Debug;
		};
		589FC12B237EE13B00BE27D0 /* Release */ = {
			isa = XCBuildConfiguration;
			buildSettings = {
				ALWAYS_SEARCH_USER_PATHS = NO;
				CLANG_ANALYZER_NONNULL = YES;
				CLANG_ANALYZER_NUMBER_OBJECT_CONVERSION = YES_AGGRESSIVE;
				CLANG_CXX_LANGUAGE_STANDARD = "gnu++14";
				CLANG_CXX_LIBRARY = "libc++";
				CLANG_ENABLE_MODULES = YES;
				CLANG_ENABLE_OBJC_ARC = YES;
				CLANG_ENABLE_OBJC_WEAK = YES;
				CLANG_WARN_BLOCK_CAPTURE_AUTORELEASING = YES;
				CLANG_WARN_BOOL_CONVERSION = YES;
				CLANG_WARN_COMMA = YES;
				CLANG_WARN_CONSTANT_CONVERSION = YES;
				CLANG_WARN_DEPRECATED_OBJC_IMPLEMENTATIONS = YES;
				CLANG_WARN_DIRECT_OBJC_ISA_USAGE = YES_ERROR;
				CLANG_WARN_DOCUMENTATION_COMMENTS = YES;
				CLANG_WARN_EMPTY_BODY = YES;
				CLANG_WARN_ENUM_CONVERSION = YES;
				CLANG_WARN_INFINITE_RECURSION = YES;
				CLANG_WARN_INT_CONVERSION = YES;
				CLANG_WARN_NON_LITERAL_NULL_CONVERSION = YES;
				CLANG_WARN_OBJC_IMPLICIT_RETAIN_SELF = YES;
				CLANG_WARN_OBJC_LITERAL_CONVERSION = YES;
				CLANG_WARN_OBJC_ROOT_CLASS = YES_ERROR;
				CLANG_WARN_RANGE_LOOP_ANALYSIS = YES;
				CLANG_WARN_STRICT_PROTOTYPES = YES;
				CLANG_WARN_SUSPICIOUS_MOVE = YES;
				CLANG_WARN_UNGUARDED_AVAILABILITY = YES_AGGRESSIVE;
				CLANG_WARN_UNREACHABLE_CODE = YES;
				CLANG_WARN__DUPLICATE_METHOD_MATCH = YES;
				COPY_PHASE_STRIP = NO;
				DEBUG_INFORMATION_FORMAT = "dwarf-with-dsym";
				ENABLE_NS_ASSERTIONS = NO;
				ENABLE_STRICT_OBJC_MSGSEND = YES;
				GCC_C_LANGUAGE_STANDARD = gnu11;
				GCC_NO_COMMON_BLOCKS = YES;
				GCC_WARN_64_TO_32_BIT_CONVERSION = YES;
				GCC_WARN_ABOUT_RETURN_TYPE = YES_ERROR;
				GCC_WARN_UNDECLARED_SELECTOR = YES;
				GCC_WARN_UNINITIALIZED_AUTOS = YES_AGGRESSIVE;
				GCC_WARN_UNUSED_FUNCTION = YES;
				GCC_WARN_UNUSED_VARIABLE = YES;
				IPHONEOS_DEPLOYMENT_TARGET = 13.2;
				MTL_ENABLE_DEBUG_INFO = NO;
				MTL_FAST_MATH = YES;
				SDKROOT = iphoneos;
				SWIFT_COMPILATION_MODE = wholemodule;
				SWIFT_OPTIMIZATION_LEVEL = "-O";
				VALIDATE_PRODUCT = YES;
			};
			name = Release;
		};
		589FC12D237EE13B00BE27D0 /* Debug */ = {
			isa = XCBuildConfiguration;
			buildSettings = {
				ASSETCATALOG_COMPILER_APPICON_NAME = AppIcon;
				CODE_SIGN_STYLE = Automatic;
				DEVELOPMENT_TEAM = 45JNFF5WM9;
				INFOPLIST_FILE = "$(SRCROOT)/BoysAndGirls/Support files/Info.plist";
				LD_RUNPATH_SEARCH_PATHS = (
					"$(inherited)",
					"@executable_path/Frameworks",
				);
				PRODUCT_BUNDLE_IDENTIFIER = vit.BoysAndGirls;
				PRODUCT_NAME = "$(TARGET_NAME)";
				SWIFT_VERSION = 5.0;
				TARGETED_DEVICE_FAMILY = "1,2";
			};
			name = Debug;
		};
		589FC12E237EE13B00BE27D0 /* Release */ = {
			isa = XCBuildConfiguration;
			buildSettings = {
				ASSETCATALOG_COMPILER_APPICON_NAME = AppIcon;
				CODE_SIGN_STYLE = Automatic;
				DEVELOPMENT_TEAM = 45JNFF5WM9;
				INFOPLIST_FILE = "$(SRCROOT)/BoysAndGirls/Support files/Info.plist";
				LD_RUNPATH_SEARCH_PATHS = (
					"$(inherited)",
					"@executable_path/Frameworks",
				);
				PRODUCT_BUNDLE_IDENTIFIER = vit.BoysAndGirls;
				PRODUCT_NAME = "$(TARGET_NAME)";
				SWIFT_VERSION = 5.0;
				TARGETED_DEVICE_FAMILY = "1,2";
			};
			name = Release;
		};
/* End XCBuildConfiguration section */

/* Begin XCConfigurationList section */
		58383EC623805A6800149A04 /* Build configuration list for PBXNativeTarget "TestsNetvorkingManager" */ = {
			isa = XCConfigurationList;
			buildConfigurations = (
				58383EC723805A6800149A04 /* Debug */,
				58383EC823805A6800149A04 /* Release */,
			);
			defaultConfigurationIsVisible = 0;
			defaultConfigurationName = Release;
		};
		589FC110237EE13700BE27D0 /* Build configuration list for PBXProject "BoysAndGirls" */ = {
			isa = XCConfigurationList;
			buildConfigurations = (
				589FC12A237EE13B00BE27D0 /* Debug */,
				589FC12B237EE13B00BE27D0 /* Release */,
			);
			defaultConfigurationIsVisible = 0;
			defaultConfigurationName = Release;
		};
		589FC12C237EE13B00BE27D0 /* Build configuration list for PBXNativeTarget "BoysAndGirls" */ = {
			isa = XCConfigurationList;
			buildConfigurations = (
				589FC12D237EE13B00BE27D0 /* Debug */,
				589FC12E237EE13B00BE27D0 /* Release */,
			);
			defaultConfigurationIsVisible = 0;
			defaultConfigurationName = Release;
		};
/* End XCConfigurationList section */

/* Begin XCVersionGroup section */
		589FC121237EE13700BE27D0 /* BoysAndGirls.xcdatamodeld */ = {
			isa = XCVersionGroup;
			children = (
				589FC122237EE13700BE27D0 /* BoysAndGirls.xcdatamodel */,
			);
			currentVersion = 589FC122237EE13700BE27D0 /* BoysAndGirls.xcdatamodel */;
			path = BoysAndGirls.xcdatamodeld;
			sourceTree = "<group>";
			versionGroupType = wrapper.xcdatamodel;
		};
/* End XCVersionGroup section */
	};
	rootObject = 589FC10D237EE13700BE27D0 /* Project object */;
}
